
Microsoft Visual Studio Solution File, Format Version 12.00
# Visual Studio 15
VisualStudioVersion = 15.0.26124.0
MinimumVisualStudioVersion = 15.0.26124.0
Project("{2150E333-8FDC-42A3-9474-1A3956D46DE8}") = "src", "src", "{457DE92F-A823-41BB-960D-BEA08F1D28BD}"
EndProject
Project("{FAE04EC0-301F-11D3-BF4B-00C04F79EFBC}") = "core", "src\core\core.csproj", "{83A11A41-F36E-47EA-8411-40E88D69097E}"
EndProject
Project("{FAE04EC0-301F-11D3-BF4B-00C04F79EFBC}") = "serialization", "src\serialization\serialization.csproj", "{6B50B03F-8C2C-4C40-AF43-15F53E20AD67}"
EndProject
Project("{2150E333-8FDC-42A3-9474-1A3956D46DE8}") = "test", "test", "{301C7F51-5A3F-4E74-989D-238FD9AE78D1}"
EndProject
Project("{FAE04EC0-301F-11D3-BF4B-00C04F79EFBC}") = "core-test", "test\core-test\core-test.csproj", "{EEFB6D4C-1BB8-46C6-8539-5ABDA383F427}"
EndProject
Project("{FAE04EC0-301F-11D3-BF4B-00C04F79EFBC}") = "serialization-test", "test\serialization-test\serialization-test.csproj", "{3773A825-AD8D-4D2B-B1DF-87DE871AE2FD}"
EndProject
Global
	GlobalSection(SolutionConfigurationPlatforms) = preSolution
		Debug|Any CPU = Debug|Any CPU
		Debug|x64 = Debug|x64
		Debug|x86 = Debug|x86
		Release|Any CPU = Release|Any CPU
		Release|x64 = Release|x64
		Release|x86 = Release|x86
	EndGlobalSection
	GlobalSection(SolutionProperties) = preSolution
		HideSolutionNode = FALSE
	EndGlobalSection
	GlobalSection(ProjectConfigurationPlatforms) = postSolution
		{83A11A41-F36E-47EA-8411-40E88D69097E}.Debug|Any CPU.ActiveCfg = Debug|Any CPU
		{83A11A41-F36E-47EA-8411-40E88D69097E}.Debug|Any CPU.Build.0 = Debug|Any CPU
		{83A11A41-F36E-47EA-8411-40E88D69097E}.Debug|x64.ActiveCfg = Debug|Any CPU
		{83A11A41-F36E-47EA-8411-40E88D69097E}.Debug|x64.Build.0 = Debug|Any CPU
		{83A11A41-F36E-47EA-8411-40E88D69097E}.Debug|x86.ActiveCfg = Debug|Any CPU
		{83A11A41-F36E-47EA-8411-40E88D69097E}.Debug|x86.Build.0 = Debug|Any CPU
		{83A11A41-F36E-47EA-8411-40E88D69097E}.Release|Any CPU.ActiveCfg = Release|Any CPU
		{83A11A41-F36E-47EA-8411-40E88D69097E}.Release|Any CPU.Build.0 = Release|Any CPU
		{83A11A41-F36E-47EA-8411-40E88D69097E}.Release|x64.ActiveCfg = Release|Any CPU
		{83A11A41-F36E-47EA-8411-40E88D69097E}.Release|x64.Build.0 = Release|Any CPU
		{83A11A41-F36E-47EA-8411-40E88D69097E}.Release|x86.ActiveCfg = Release|Any CPU
		{83A11A41-F36E-47EA-8411-40E88D69097E}.Release|x86.Build.0 = Release|Any CPU
		{6B50B03F-8C2C-4C40-AF43-15F53E20AD67}.Debug|Any CPU.ActiveCfg = Debug|Any CPU
		{6B50B03F-8C2C-4C40-AF43-15F53E20AD67}.Debug|Any CPU.Build.0 = Debug|Any CPU
		{6B50B03F-8C2C-4C40-AF43-15F53E20AD67}.Debug|x64.ActiveCfg = Debug|Any CPU
		{6B50B03F-8C2C-4C40-AF43-15F53E20AD67}.Debug|x64.Build.0 = Debug|Any CPU
		{6B50B03F-8C2C-4C40-AF43-15F53E20AD67}.Debug|x86.ActiveCfg = Debug|Any CPU
		{6B50B03F-8C2C-4C40-AF43-15F53E20AD67}.Debug|x86.Build.0 = Debug|Any CPU
		{6B50B03F-8C2C-4C40-AF43-15F53E20AD67}.Release|Any CPU.ActiveCfg = Release|Any CPU
		{6B50B03F-8C2C-4C40-AF43-15F53E20AD67}.Release|Any CPU.Build.0 = Release|Any CPU
		{6B50B03F-8C2C-4C40-AF43-15F53E20AD67}.Release|x64.ActiveCfg = Release|Any CPU
		{6B50B03F-8C2C-4C40-AF43-15F53E20AD67}.Release|x64.Build.0 = Release|Any CPU
		{6B50B03F-8C2C-4C40-AF43-15F53E20AD67}.Release|x86.ActiveCfg = Release|Any CPU
		{6B50B03F-8C2C-4C40-AF43-15F53E20AD67}.Release|x86.Build.0 = Release|Any CPU
		{EEFB6D4C-1BB8-46C6-8539-5ABDA383F427}.Debug|Any CPU.ActiveCfg = Debug|Any CPU
		{EEFB6D4C-1BB8-46C6-8539-5ABDA383F427}.Debug|Any CPU.Build.0 = Debug|Any CPU
		{EEFB6D4C-1BB8-46C6-8539-5ABDA383F427}.Debug|x64.ActiveCfg = Debug|Any CPU
		{EEFB6D4C-1BB8-46C6-8539-5ABDA383F427}.Debug|x64.Build.0 = Debug|Any CPU
		{EEFB6D4C-1BB8-46C6-8539-5ABDA383F427}.Debug|x86.ActiveCfg = Debug|Any CPU
		{EEFB6D4C-1BB8-46C6-8539-5ABDA383F427}.Debug|x86.Build.0 = Debug|Any CPU
		{EEFB6D4C-1BB8-46C6-8539-5ABDA383F427}.Release|Any CPU.ActiveCfg = Release|Any CPU
		{EEFB6D4C-1BB8-46C6-8539-5ABDA383F427}.Release|Any CPU.Build.0 = Release|Any CPU
		{EEFB6D4C-1BB8-46C6-8539-5ABDA383F427}.Release|x64.ActiveCfg = Release|Any CPU
		{EEFB6D4C-1BB8-46C6-8539-5ABDA383F427}.Release|x64.Build.0 = Release|Any CPU
		{EEFB6D4C-1BB8-46C6-8539-5ABDA383F427}.Release|x86.ActiveCfg = Release|Any CPU
		{EEFB6D4C-1BB8-46C6-8539-5ABDA383F427}.Release|x86.Build.0 = Release|Any CPU
		{3773A825-AD8D-4D2B-B1DF-87DE871AE2FD}.Debug|Any CPU.ActiveCfg = Debug|Any CPU
		{3773A825-AD8D-4D2B-B1DF-87DE871AE2FD}.Debug|Any CPU.Build.0 = Debug|Any CPU
		{3773A825-AD8D-4D2B-B1DF-87DE871AE2FD}.Debug|x64.ActiveCfg = Debug|Any CPU
		{3773A825-AD8D-4D2B-B1DF-87DE871AE2FD}.Debug|x64.Build.0 = Debug|Any CPU
		{3773A825-AD8D-4D2B-B1DF-87DE871AE2FD}.Debug|x86.ActiveCfg = Debug|Any CPU
		{3773A825-AD8D-4D2B-B1DF-87DE871AE2FD}.Debug|x86.Build.0 = Debug|Any CPU
		{3773A825-AD8D-4D2B-B1DF-87DE871AE2FD}.Release|Any CPU.ActiveCfg = Release|Any CPU
		{3773A825-AD8D-4D2B-B1DF-87DE871AE2FD}.Release|Any CPU.Build.0 = Release|Any CPU
		{3773A825-AD8D-4D2B-B1DF-87DE871AE2FD}.Release|x64.ActiveCfg = Release|Any CPU
		{3773A825-AD8D-4D2B-B1DF-87DE871AE2FD}.Release|x64.Build.0 = Release|Any CPU
		{3773A825-AD8D-4D2B-B1DF-87DE871AE2FD}.Release|x86.ActiveCfg = Release|Any CPU
		{3773A825-AD8D-4D2B-B1DF-87DE871AE2FD}.Release|x86.Build.0 = Release|Any CPU
	EndGlobalSection
	GlobalSection(NestedProjects) = preSolution
		{83A11A41-F36E-47EA-8411-40E88D69097E} = {457DE92F-A823-41BB-960D-BEA08F1D28BD}
		{6B50B03F-8C2C-4C40-AF43-15F53E20AD67} = {457DE92F-A823-41BB-960D-BEA08F1D28BD}
		{EEFB6D4C-1BB8-46C6-8539-5ABDA383F427} = {301C7F51-5A3F-4E74-989D-238FD9AE78D1}
		{3773A825-AD8D-4D2B-B1DF-87DE871AE2FD} = {301C7F51-5A3F-4E74-989D-238FD9AE78D1}
	EndGlobalSection
EndGlobal
