
Microsoft Visual Studio Solution File, Format Version 12.00
# Visual Studio 15
VisualStudioVersion = 15.0.26124.0
MinimumVisualStudioVersion = 15.0.26124.0
Project("{FAE04EC0-301F-11D3-BF4B-00C04F79EFBC}") = "Core", "Core\Core.csproj", "{0B14FC2F-1D29-4DC7-8211-DC36A2D891A6}"
EndProject
Project("{FAE04EC0-301F-11D3-BF4B-00C04F79EFBC}") = "Test", "Test\Test.csproj", "{2B5E63C0-E277-4E8B-9B95-F7189D2C9E0E}"
EndProject
Global
	GlobalSection(SolutionConfigurationPlatforms) = preSolution
		Debug|Any CPU = Debug|Any CPU
		Debug|x64 = Debug|x64
		Debug|x86 = Debug|x86
		Release|Any CPU = Release|Any CPU
		Release|x64 = Release|x64
		Release|x86 = Release|x86
	EndGlobalSection
	GlobalSection(SolutionProperties) = preSolution
		HideSolutionNode = FALSE
	EndGlobalSection
	GlobalSection(ProjectConfigurationPlatforms) = postSolution
		{0B14FC2F-1D29-4DC7-8211-DC36A2D891A6}.Debug|Any CPU.ActiveCfg = Debug|Any CPU
		{0B14FC2F-1D29-4DC7-8211-DC36A2D891A6}.Debug|Any CPU.Build.0 = Debug|Any CPU
		{0B14FC2F-1D29-4DC7-8211-DC36A2D891A6}.Debug|x64.ActiveCfg = Debug|Any CPU
		{0B14FC2F-1D29-4DC7-8211-DC36A2D891A6}.Debug|x64.Build.0 = Debug|Any CPU
		{0B14FC2F-1D29-4DC7-8211-DC36A2D891A6}.Debug|x86.ActiveCfg = Debug|Any CPU
		{0B14FC2F-1D29-4DC7-8211-DC36A2D891A6}.Debug|x86.Build.0 = Debug|Any CPU
		{0B14FC2F-1D29-4DC7-8211-DC36A2D891A6}.Release|Any CPU.ActiveCfg = Release|Any CPU
		{0B14FC2F-1D29-4DC7-8211-DC36A2D891A6}.Release|Any CPU.Build.0 = Release|Any CPU
		{0B14FC2F-1D29-4DC7-8211-DC36A2D891A6}.Release|x64.ActiveCfg = Release|Any CPU
		{0B14FC2F-1D29-4DC7-8211-DC36A2D891A6}.Release|x64.Build.0 = Release|Any CPU
		{0B14FC2F-1D29-4DC7-8211-DC36A2D891A6}.Release|x86.ActiveCfg = Release|Any CPU
		{0B14FC2F-1D29-4DC7-8211-DC36A2D891A6}.Release|x86.Build.0 = Release|Any CPU
		{2B5E63C0-E277-4E8B-9B95-F7189D2C9E0E}.Debug|Any CPU.ActiveCfg = Debug|Any CPU
		{2B5E63C0-E277-4E8B-9B95-F7189D2C9E0E}.Debug|Any CPU.Build.0 = Debug|Any CPU
		{2B5E63C0-E277-4E8B-9B95-F7189D2C9E0E}.Debug|x64.ActiveCfg = Debug|Any CPU
		{2B5E63C0-E277-4E8B-9B95-F7189D2C9E0E}.Debug|x64.Build.0 = Debug|Any CPU
		{2B5E63C0-E277-4E8B-9B95-F7189D2C9E0E}.Debug|x86.ActiveCfg = Debug|Any CPU
		{2B5E63C0-E277-4E8B-9B95-F7189D2C9E0E}.Debug|x86.Build.0 = Debug|Any CPU
		{2B5E63C0-E277-4E8B-9B95-F7189D2C9E0E}.Release|Any CPU.ActiveCfg = Release|Any CPU
		{2B5E63C0-E277-4E8B-9B95-F7189D2C9E0E}.Release|Any CPU.Build.0 = Release|Any CPU
		{2B5E63C0-E277-4E8B-9B95-F7189D2C9E0E}.Release|x64.ActiveCfg = Release|Any CPU
		{2B5E63C0-E277-4E8B-9B95-F7189D2C9E0E}.Release|x64.Build.0 = Release|Any CPU
		{2B5E63C0-E277-4E8B-9B95-F7189D2C9E0E}.Release|x86.ActiveCfg = Release|Any CPU
		{2B5E63C0-E277-4E8B-9B95-F7189D2C9E0E}.Release|x86.Build.0 = Release|Any CPU
	EndGlobalSection
EndGlobal
