
Microsoft Visual Studio Solution File, Format Version 12.00
# Visual Studio 15
VisualStudioVersion = 15.0.26124.0
MinimumVisualStudioVersion = 15.0.26124.0
Project("{2150E333-8FDC-42A3-9474-1A3956D46DE8}") = "src", "src", "{6E2D78D9-A2E2-4422-A3F8-94B90DE22A62}"
EndProject
Project("{FAE04EC0-301F-11D3-BF4B-00C04F79EFBC}") = "Telefrek.Core", "src\Telefrek.Core\Telefrek.Core.csproj", "{70EAAB5F-CC79-4FC1-8A41-1E00D6983BD7}"
EndProject
Project("{FAE04EC0-301F-11D3-BF4B-00C04F79EFBC}") = "Telefrek.Core.Messaging", "src\Telefrek.Core.Messaging\Telefrek.Core.Messaging.csproj", "{1C1A7226-380F-4598-B061-CCFF1E0959C2}"
EndProject
Project("{FAE04EC0-301F-11D3-BF4B-00C04F79EFBC}") = "Telefrek.Core.Cassandra", "src\Telefrek.Core.Cassandra\Telefrek.Core.Cassandra.csproj", "{CD4E1729-BD88-4740-8188-5B798EA2829A}"
EndProject
Project("{2150E333-8FDC-42A3-9474-1A3956D46DE8}") = "test", "test", "{D3B6504C-FEFA-4BF0-BE73-3F152B3B4ABC}"
EndProject
Project("{FAE04EC0-301F-11D3-BF4B-00C04F79EFBC}") = "Telefrek.Core.Tests", "test\Telefrek.Core.Tests\Telefrek.Core.Tests.csproj", "{0432138D-E356-468C-83DD-E882AE3B47F7}"
EndProject
Project("{FAE04EC0-301F-11D3-BF4B-00C04F79EFBC}") = "Telefrek.Core.Cassandra.Tests", "test\Telefrek.Core.Cassandra.Tests\Telefrek.Core.Cassandra.Tests.csproj", "{655BA8D0-267D-4C23-8044-01ECDA319405}"
EndProject
Project("{FAE04EC0-301F-11D3-BF4B-00C04F79EFBC}") = "Telefrek.Core.Messaging.Tests", "test\Telefrek.Core.Messaging.Tests\Telefrek.Core.Messaging.Tests.csproj", "{34DE5EE9-4A8D-4F59-8360-95F787EED703}"
EndProject
Project("{FAE04EC0-301F-11D3-BF4B-00C04F79EFBC}") = "Telefrek.Core.Json", "src\Telefrek.Core.Json\Telefrek.Core.Json.csproj", "{28C1271E-DDFF-48B4-89D6-5BCC0CBA915A}"
EndProject
Project("{FAE04EC0-301F-11D3-BF4B-00C04F79EFBC}") = "Telefrek.Core.Json.Tests", "test\Telefrek.Core.Json.Tests\Telefrek.Core.Json.Tests.csproj", "{83C5BA8A-FDB3-4611-AAD3-CB3FE6FAD6A2}"
EndProject
Project("{FAE04EC0-301F-11D3-BF4B-00C04F79EFBC}") = "Telefrek.Core.Testing", "src\Telefrek.Core.Testing\Telefrek.Core.Testing.csproj", "{07AD182D-7019-4FDA-9902-A390D26AEBAF}"
EndProject
Global
	GlobalSection(SolutionConfigurationPlatforms) = preSolution
		Debug|Any CPU = Debug|Any CPU
		Debug|x64 = Debug|x64
		Debug|x86 = Debug|x86
		Release|Any CPU = Release|Any CPU
		Release|x64 = Release|x64
		Release|x86 = Release|x86
	EndGlobalSection
	GlobalSection(SolutionProperties) = preSolution
		HideSolutionNode = FALSE
	EndGlobalSection
	GlobalSection(ProjectConfigurationPlatforms) = postSolution
		{70EAAB5F-CC79-4FC1-8A41-1E00D6983BD7}.Debug|Any CPU.ActiveCfg = Debug|Any CPU
		{70EAAB5F-CC79-4FC1-8A41-1E00D6983BD7}.Debug|Any CPU.Build.0 = Debug|Any CPU
		{70EAAB5F-CC79-4FC1-8A41-1E00D6983BD7}.Debug|x64.ActiveCfg = Debug|Any CPU
		{70EAAB5F-CC79-4FC1-8A41-1E00D6983BD7}.Debug|x64.Build.0 = Debug|Any CPU
		{70EAAB5F-CC79-4FC1-8A41-1E00D6983BD7}.Debug|x86.ActiveCfg = Debug|Any CPU
		{70EAAB5F-CC79-4FC1-8A41-1E00D6983BD7}.Debug|x86.Build.0 = Debug|Any CPU
		{70EAAB5F-CC79-4FC1-8A41-1E00D6983BD7}.Release|Any CPU.ActiveCfg = Release|Any CPU
		{70EAAB5F-CC79-4FC1-8A41-1E00D6983BD7}.Release|Any CPU.Build.0 = Release|Any CPU
		{70EAAB5F-CC79-4FC1-8A41-1E00D6983BD7}.Release|x64.ActiveCfg = Release|Any CPU
		{70EAAB5F-CC79-4FC1-8A41-1E00D6983BD7}.Release|x64.Build.0 = Release|Any CPU
		{70EAAB5F-CC79-4FC1-8A41-1E00D6983BD7}.Release|x86.ActiveCfg = Release|Any CPU
		{70EAAB5F-CC79-4FC1-8A41-1E00D6983BD7}.Release|x86.Build.0 = Release|Any CPU
		{1C1A7226-380F-4598-B061-CCFF1E0959C2}.Debug|Any CPU.ActiveCfg = Debug|Any CPU
		{1C1A7226-380F-4598-B061-CCFF1E0959C2}.Debug|Any CPU.Build.0 = Debug|Any CPU
		{1C1A7226-380F-4598-B061-CCFF1E0959C2}.Debug|x64.ActiveCfg = Debug|Any CPU
		{1C1A7226-380F-4598-B061-CCFF1E0959C2}.Debug|x64.Build.0 = Debug|Any CPU
		{1C1A7226-380F-4598-B061-CCFF1E0959C2}.Debug|x86.ActiveCfg = Debug|Any CPU
		{1C1A7226-380F-4598-B061-CCFF1E0959C2}.Debug|x86.Build.0 = Debug|Any CPU
		{1C1A7226-380F-4598-B061-CCFF1E0959C2}.Release|Any CPU.ActiveCfg = Release|Any CPU
		{1C1A7226-380F-4598-B061-CCFF1E0959C2}.Release|Any CPU.Build.0 = Release|Any CPU
		{1C1A7226-380F-4598-B061-CCFF1E0959C2}.Release|x64.ActiveCfg = Release|Any CPU
		{1C1A7226-380F-4598-B061-CCFF1E0959C2}.Release|x64.Build.0 = Release|Any CPU
		{1C1A7226-380F-4598-B061-CCFF1E0959C2}.Release|x86.ActiveCfg = Release|Any CPU
		{1C1A7226-380F-4598-B061-CCFF1E0959C2}.Release|x86.Build.0 = Release|Any CPU
		{CD4E1729-BD88-4740-8188-5B798EA2829A}.Debug|Any CPU.ActiveCfg = Debug|Any CPU
		{CD4E1729-BD88-4740-8188-5B798EA2829A}.Debug|Any CPU.Build.0 = Debug|Any CPU
		{CD4E1729-BD88-4740-8188-5B798EA2829A}.Debug|x64.ActiveCfg = Debug|Any CPU
		{CD4E1729-BD88-4740-8188-5B798EA2829A}.Debug|x64.Build.0 = Debug|Any CPU
		{CD4E1729-BD88-4740-8188-5B798EA2829A}.Debug|x86.ActiveCfg = Debug|Any CPU
		{CD4E1729-BD88-4740-8188-5B798EA2829A}.Debug|x86.Build.0 = Debug|Any CPU
		{CD4E1729-BD88-4740-8188-5B798EA2829A}.Release|Any CPU.ActiveCfg = Release|Any CPU
		{CD4E1729-BD88-4740-8188-5B798EA2829A}.Release|Any CPU.Build.0 = Release|Any CPU
		{CD4E1729-BD88-4740-8188-5B798EA2829A}.Release|x64.ActiveCfg = Release|Any CPU
		{CD4E1729-BD88-4740-8188-5B798EA2829A}.Release|x64.Build.0 = Release|Any CPU
		{CD4E1729-BD88-4740-8188-5B798EA2829A}.Release|x86.ActiveCfg = Release|Any CPU
		{CD4E1729-BD88-4740-8188-5B798EA2829A}.Release|x86.Build.0 = Release|Any CPU
		{0432138D-E356-468C-83DD-E882AE3B47F7}.Debug|Any CPU.ActiveCfg = Debug|Any CPU
		{0432138D-E356-468C-83DD-E882AE3B47F7}.Debug|Any CPU.Build.0 = Debug|Any CPU
		{0432138D-E356-468C-83DD-E882AE3B47F7}.Debug|x64.ActiveCfg = Debug|Any CPU
		{0432138D-E356-468C-83DD-E882AE3B47F7}.Debug|x64.Build.0 = Debug|Any CPU
		{0432138D-E356-468C-83DD-E882AE3B47F7}.Debug|x86.ActiveCfg = Debug|Any CPU
		{0432138D-E356-468C-83DD-E882AE3B47F7}.Debug|x86.Build.0 = Debug|Any CPU
		{0432138D-E356-468C-83DD-E882AE3B47F7}.Release|Any CPU.ActiveCfg = Release|Any CPU
		{0432138D-E356-468C-83DD-E882AE3B47F7}.Release|Any CPU.Build.0 = Release|Any CPU
		{0432138D-E356-468C-83DD-E882AE3B47F7}.Release|x64.ActiveCfg = Release|Any CPU
		{0432138D-E356-468C-83DD-E882AE3B47F7}.Release|x64.Build.0 = Release|Any CPU
		{0432138D-E356-468C-83DD-E882AE3B47F7}.Release|x86.ActiveCfg = Release|Any CPU
		{0432138D-E356-468C-83DD-E882AE3B47F7}.Release|x86.Build.0 = Release|Any CPU
		{655BA8D0-267D-4C23-8044-01ECDA319405}.Debug|Any CPU.ActiveCfg = Debug|Any CPU
		{655BA8D0-267D-4C23-8044-01ECDA319405}.Debug|Any CPU.Build.0 = Debug|Any CPU
		{655BA8D0-267D-4C23-8044-01ECDA319405}.Debug|x64.ActiveCfg = Debug|Any CPU
		{655BA8D0-267D-4C23-8044-01ECDA319405}.Debug|x64.Build.0 = Debug|Any CPU
		{655BA8D0-267D-4C23-8044-01ECDA319405}.Debug|x86.ActiveCfg = Debug|Any CPU
		{655BA8D0-267D-4C23-8044-01ECDA319405}.Debug|x86.Build.0 = Debug|Any CPU
		{655BA8D0-267D-4C23-8044-01ECDA319405}.Release|Any CPU.ActiveCfg = Release|Any CPU
		{655BA8D0-267D-4C23-8044-01ECDA319405}.Release|Any CPU.Build.0 = Release|Any CPU
		{655BA8D0-267D-4C23-8044-01ECDA319405}.Release|x64.ActiveCfg = Release|Any CPU
		{655BA8D0-267D-4C23-8044-01ECDA319405}.Release|x64.Build.0 = Release|Any CPU
		{655BA8D0-267D-4C23-8044-01ECDA319405}.Release|x86.ActiveCfg = Release|Any CPU
		{655BA8D0-267D-4C23-8044-01ECDA319405}.Release|x86.Build.0 = Release|Any CPU
		{34DE5EE9-4A8D-4F59-8360-95F787EED703}.Debug|Any CPU.ActiveCfg = Debug|Any CPU
		{34DE5EE9-4A8D-4F59-8360-95F787EED703}.Debug|Any CPU.Build.0 = Debug|Any CPU
		{34DE5EE9-4A8D-4F59-8360-95F787EED703}.Debug|x64.ActiveCfg = Debug|Any CPU
		{34DE5EE9-4A8D-4F59-8360-95F787EED703}.Debug|x64.Build.0 = Debug|Any CPU
		{34DE5EE9-4A8D-4F59-8360-95F787EED703}.Debug|x86.ActiveCfg = Debug|Any CPU
		{34DE5EE9-4A8D-4F59-8360-95F787EED703}.Debug|x86.Build.0 = Debug|Any CPU
		{34DE5EE9-4A8D-4F59-8360-95F787EED703}.Release|Any CPU.ActiveCfg = Release|Any CPU
		{34DE5EE9-4A8D-4F59-8360-95F787EED703}.Release|Any CPU.Build.0 = Release|Any CPU
		{34DE5EE9-4A8D-4F59-8360-95F787EED703}.Release|x64.ActiveCfg = Release|Any CPU
		{34DE5EE9-4A8D-4F59-8360-95F787EED703}.Release|x64.Build.0 = Release|Any CPU
		{34DE5EE9-4A8D-4F59-8360-95F787EED703}.Release|x86.ActiveCfg = Release|Any CPU
		{34DE5EE9-4A8D-4F59-8360-95F787EED703}.Release|x86.Build.0 = Release|Any CPU
		{28C1271E-DDFF-48B4-89D6-5BCC0CBA915A}.Debug|Any CPU.ActiveCfg = Debug|Any CPU
		{28C1271E-DDFF-48B4-89D6-5BCC0CBA915A}.Debug|Any CPU.Build.0 = Debug|Any CPU
		{28C1271E-DDFF-48B4-89D6-5BCC0CBA915A}.Debug|x64.ActiveCfg = Debug|Any CPU
		{28C1271E-DDFF-48B4-89D6-5BCC0CBA915A}.Debug|x64.Build.0 = Debug|Any CPU
		{28C1271E-DDFF-48B4-89D6-5BCC0CBA915A}.Debug|x86.ActiveCfg = Debug|Any CPU
		{28C1271E-DDFF-48B4-89D6-5BCC0CBA915A}.Debug|x86.Build.0 = Debug|Any CPU
		{28C1271E-DDFF-48B4-89D6-5BCC0CBA915A}.Release|Any CPU.ActiveCfg = Release|Any CPU
		{28C1271E-DDFF-48B4-89D6-5BCC0CBA915A}.Release|Any CPU.Build.0 = Release|Any CPU
		{28C1271E-DDFF-48B4-89D6-5BCC0CBA915A}.Release|x64.ActiveCfg = Release|Any CPU
		{28C1271E-DDFF-48B4-89D6-5BCC0CBA915A}.Release|x64.Build.0 = Release|Any CPU
		{28C1271E-DDFF-48B4-89D6-5BCC0CBA915A}.Release|x86.ActiveCfg = Release|Any CPU
		{28C1271E-DDFF-48B4-89D6-5BCC0CBA915A}.Release|x86.Build.0 = Release|Any CPU
		{83C5BA8A-FDB3-4611-AAD3-CB3FE6FAD6A2}.Debug|Any CPU.ActiveCfg = Debug|Any CPU
		{83C5BA8A-FDB3-4611-AAD3-CB3FE6FAD6A2}.Debug|Any CPU.Build.0 = Debug|Any CPU
		{83C5BA8A-FDB3-4611-AAD3-CB3FE6FAD6A2}.Debug|x64.ActiveCfg = Debug|Any CPU
		{83C5BA8A-FDB3-4611-AAD3-CB3FE6FAD6A2}.Debug|x64.Build.0 = Debug|Any CPU
		{83C5BA8A-FDB3-4611-AAD3-CB3FE6FAD6A2}.Debug|x86.ActiveCfg = Debug|Any CPU
		{83C5BA8A-FDB3-4611-AAD3-CB3FE6FAD6A2}.Debug|x86.Build.0 = Debug|Any CPU
		{83C5BA8A-FDB3-4611-AAD3-CB3FE6FAD6A2}.Release|Any CPU.ActiveCfg = Release|Any CPU
		{83C5BA8A-FDB3-4611-AAD3-CB3FE6FAD6A2}.Release|Any CPU.Build.0 = Release|Any CPU
		{83C5BA8A-FDB3-4611-AAD3-CB3FE6FAD6A2}.Release|x64.ActiveCfg = Release|Any CPU
		{83C5BA8A-FDB3-4611-AAD3-CB3FE6FAD6A2}.Release|x64.Build.0 = Release|Any CPU
		{83C5BA8A-FDB3-4611-AAD3-CB3FE6FAD6A2}.Release|x86.ActiveCfg = Release|Any CPU
		{83C5BA8A-FDB3-4611-AAD3-CB3FE6FAD6A2}.Release|x86.Build.0 = Release|Any CPU
		{07AD182D-7019-4FDA-9902-A390D26AEBAF}.Debug|Any CPU.ActiveCfg = Debug|Any CPU
		{07AD182D-7019-4FDA-9902-A390D26AEBAF}.Debug|Any CPU.Build.0 = Debug|Any CPU
		{07AD182D-7019-4FDA-9902-A390D26AEBAF}.Debug|x64.ActiveCfg = Debug|Any CPU
		{07AD182D-7019-4FDA-9902-A390D26AEBAF}.Debug|x64.Build.0 = Debug|Any CPU
		{07AD182D-7019-4FDA-9902-A390D26AEBAF}.Debug|x86.ActiveCfg = Debug|Any CPU
		{07AD182D-7019-4FDA-9902-A390D26AEBAF}.Debug|x86.Build.0 = Debug|Any CPU
		{07AD182D-7019-4FDA-9902-A390D26AEBAF}.Release|Any CPU.ActiveCfg = Release|Any CPU
		{07AD182D-7019-4FDA-9902-A390D26AEBAF}.Release|Any CPU.Build.0 = Release|Any CPU
		{07AD182D-7019-4FDA-9902-A390D26AEBAF}.Release|x64.ActiveCfg = Release|Any CPU
		{07AD182D-7019-4FDA-9902-A390D26AEBAF}.Release|x64.Build.0 = Release|Any CPU
		{07AD182D-7019-4FDA-9902-A390D26AEBAF}.Release|x86.ActiveCfg = Release|Any CPU
		{07AD182D-7019-4FDA-9902-A390D26AEBAF}.Release|x86.Build.0 = Release|Any CPU
	EndGlobalSection
	GlobalSection(NestedProjects) = preSolution
		{70EAAB5F-CC79-4FC1-8A41-1E00D6983BD7} = {6E2D78D9-A2E2-4422-A3F8-94B90DE22A62}
		{1C1A7226-380F-4598-B061-CCFF1E0959C2} = {6E2D78D9-A2E2-4422-A3F8-94B90DE22A62}
		{CD4E1729-BD88-4740-8188-5B798EA2829A} = {6E2D78D9-A2E2-4422-A3F8-94B90DE22A62}
		{0432138D-E356-468C-83DD-E882AE3B47F7} = {D3B6504C-FEFA-4BF0-BE73-3F152B3B4ABC}
		{655BA8D0-267D-4C23-8044-01ECDA319405} = {D3B6504C-FEFA-4BF0-BE73-3F152B3B4ABC}
		{34DE5EE9-4A8D-4F59-8360-95F787EED703} = {D3B6504C-FEFA-4BF0-BE73-3F152B3B4ABC}
		{28C1271E-DDFF-48B4-89D6-5BCC0CBA915A} = {6E2D78D9-A2E2-4422-A3F8-94B90DE22A62}
		{83C5BA8A-FDB3-4611-AAD3-CB3FE6FAD6A2} = {D3B6504C-FEFA-4BF0-BE73-3F152B3B4ABC}
		{07AD182D-7019-4FDA-9902-A390D26AEBAF} = {6E2D78D9-A2E2-4422-A3F8-94B90DE22A62}
	EndGlobalSection
EndGlobal
